// !$*UTF8*$!
{
	archiveVersion = 1;
	classes = {
	};
	objectVersion = 50;
	objects = {

/* Begin PBXBuildFile section */
		6B0EDF11210AFB6F00B71F83 /* BingFaNSOperation.m in Sources */ = {isa = PBXBuildFile; fileRef = 6B0EDF10210AFB6F00B71F83 /* BingFaNSOperation.m */; };
		6B0EDF14210B0BCE00B71F83 /* VC2ViewController.m in Sources */ = {isa = PBXBuildFile; fileRef = 6B0EDF13210B0BCE00B71F83 /* VC2ViewController.m */; };
		6B227B19210AA61200A1A8CC /* AppDelegate.m in Sources */ = {isa = PBXBuildFile; fileRef = 6B227B18210AA61200A1A8CC /* AppDelegate.m */; };
		6B227B1C210AA61300A1A8CC /* ViewController.m in Sources */ = {isa = PBXBuildFile; fileRef = 6B227B1B210AA61300A1A8CC /* ViewController.m */; };
		6B227B1F210AA61300A1A8CC /* Main.storyboard in Resources */ = {isa = PBXBuildFile; fileRef = 6B227B1D210AA61300A1A8CC /* Main.storyboard */; };
		6B227B21210AA61400A1A8CC /* Assets.xcassets in Resources */ = {isa = PBXBuildFile; fileRef = 6B227B20210AA61400A1A8CC /* Assets.xcassets */; };
		6B227B24210AA61400A1A8CC /* LaunchScreen.storyboard in Resources */ = {isa = PBXBuildFile; fileRef = 6B227B22210AA61400A1A8CC /* LaunchScreen.storyboard */; };
		6B227B27210AA61400A1A8CC /* main.m in Sources */ = {isa = PBXBuildFile; fileRef = 6B227B26210AA61400A1A8CC /* main.m */; };
		6B227B31210AA61400A1A8CC /* MultiThreadTests.m in Sources */ = {isa = PBXBuildFile; fileRef = 6B227B30210AA61400A1A8CC /* MultiThreadTests.m */; };
		6B227B3C210AA61400A1A8CC /* MultiThreadUITests.m in Sources */ = {isa = PBXBuildFile; fileRef = 6B227B3B210AA61400A1A8CC /* MultiThreadUITests.m */; };
		6B227B4B210AED5F00A1A8CC /* CustomNSOperation.m in Sources */ = {isa = PBXBuildFile; fileRef = 6B227B4A210AED5F00A1A8CC /* CustomNSOperation.m */; };
/* End PBXBuildFile section */

/* Begin PBXContainerItemProxy section */
		6B227B2D210AA61400A1A8CC /* PBXContainerItemProxy */ = {
			isa = PBXContainerItemProxy;
			containerPortal = 6B227B0C210AA61200A1A8CC /* Project object */;
			proxyType = 1;
			remoteGlobalIDString = 6B227B13210AA61200A1A8CC;
			remoteInfo = MultiThread;
		};
		6B227B38210AA61400A1A8CC /* PBXContainerItemProxy */ = {
			isa = PBXContainerItemProxy;
			containerPortal = 6B227B0C210AA61200A1A8CC /* Project object */;
			proxyType = 1;
			remoteGlobalIDString = 6B227B13210AA61200A1A8CC;
			remoteInfo = MultiThread;
		};
/* End PBXContainerItemProxy section */

/* Begin PBXFileReference section */
		6B0EDF0F210AFB6F00B71F83 /* BingFaNSOperation.h */ = {isa = PBXFileReference; lastKnownFileType = sourcecode.c.h; path = BingFaNSOperation.h; sourceTree = "<group>"; };
		6B0EDF10210AFB6F00B71F83 /* BingFaNSOperation.m */ = {isa = PBXFileReference; lastKnownFileType = sourcecode.c.objc; path = BingFaNSOperation.m; sourceTree = "<group>"; };
		6B0EDF12210B0BCE00B71F83 /* VC2ViewController.h */ = {isa = PBXFileReference; lastKnownFileType = sourcecode.c.h; path = VC2ViewController.h; sourceTree = "<group>"; };
		6B0EDF13210B0BCE00B71F83 /* VC2ViewController.m */ = {isa = PBXFileReference; lastKnownFileType = sourcecode.c.objc; path = VC2ViewController.m; sourceTree = "<group>"; };
		6B227B14210AA61200A1A8CC /* MultiThread.app */ = {isa = PBXFileReference; explicitFileType = wrapper.application; includeInIndex = 0; path = MultiThread.app; sourceTree = BUILT_PRODUCTS_DIR; };
		6B227B17210AA61200A1A8CC /* AppDelegate.h */ = {isa = PBXFileReference; lastKnownFileType = sourcecode.c.h; path = AppDelegate.h; sourceTree = "<group>"; };
		6B227B18210AA61200A1A8CC /* AppDelegate.m */ = {isa = PBXFileReference; lastKnownFileType = sourcecode.c.objc; path = AppDelegate.m; sourceTree = "<group>"; };
		6B227B1A210AA61200A1A8CC /* ViewController.h */ = {isa = PBXFileReference; lastKnownFileType = sourcecode.c.h; path = ViewController.h; sourceTree = "<group>"; };
		6B227B1B210AA61300A1A8CC /* ViewController.m */ = {isa = PBXFileReference; lastKnownFileType = sourcecode.c.objc; path = ViewController.m; sourceTree = "<group>"; };
		6B227B1E210AA61300A1A8CC /* Base */ = {isa = PBXFileReference; lastKnownFileType = file.storyboard; name = Base; path = Base.lproj/Main.storyboard; sourceTree = "<group>"; };
		6B227B20210AA61400A1A8CC /* Assets.xcassets */ = {isa = PBXFileReference; lastKnownFileType = folder.assetcatalog; path = Assets.xcassets; sourceTree = "<group>"; };
		6B227B23210AA61400A1A8CC /* Base */ = {isa = PBXFileReference; lastKnownFileType = file.storyboard; name = Base; path = Base.lproj/LaunchScreen.storyboard; sourceTree = "<group>"; };
		6B227B25210AA61400A1A8CC /* Info.plist */ = {isa = PBXFileReference; lastKnownFileType = text.plist.xml; path = Info.plist; sourceTree = "<group>"; };
		6B227B26210AA61400A1A8CC /* main.m */ = {isa = PBXFileReference; lastKnownFileType = sourcecode.c.objc; path = main.m; sourceTree = "<group>"; };
		6B227B2C210AA61400A1A8CC /* MultiThreadTests.xctest */ = {isa = PBXFileReference; explicitFileType = wrapper.cfbundle; includeInIndex = 0; path = MultiThreadTests.xctest; sourceTree = BUILT_PRODUCTS_DIR; };
		6B227B30210AA61400A1A8CC /* MultiThreadTests.m */ = {isa = PBXFileReference; lastKnownFileType = sourcecode.c.objc; path = MultiThreadTests.m; sourceTree = "<group>"; };
		6B227B32210AA61400A1A8CC /* Info.plist */ = {isa = PBXFileReference; lastKnownFileType = text.plist.xml; path = Info.plist; sourceTree = "<group>"; };
		6B227B37210AA61400A1A8CC /* MultiThreadUITests.xctest */ = {isa = PBXFileReference; explicitFileType = wrapper.cfbundle; includeInIndex = 0; path = MultiThreadUITests.xctest; sourceTree = BUILT_PRODUCTS_DIR; };
		6B227B3B210AA61400A1A8CC /* MultiThreadUITests.m */ = {isa = PBXFileReference; lastKnownFileType = sourcecode.c.objc; path = MultiThreadUITests.m; sourceTree = "<group>"; };
		6B227B3D210AA61400A1A8CC /* Info.plist */ = {isa = PBXFileReference; lastKnownFileType = text.plist.xml; path = Info.plist; sourceTree = "<group>"; };
		6B227B49210AED5F00A1A8CC /* CustomNSOperation.h */ = {isa = PBXFileReference; lastKnownFileType = sourcecode.c.h; path = CustomNSOperation.h; sourceTree = "<group>"; };
		6B227B4A210AED5F00A1A8CC /* CustomNSOperation.m */ = {isa = PBXFileReference; lastKnownFileType = sourcecode.c.objc; path = CustomNSOperation.m; sourceTree = "<group>"; };
/* End PBXFileReference section */

/* Begin PBXFrameworksBuildPhase section */
		6B227B11210AA61200A1A8CC /* Frameworks */ = {
			isa = PBXFrameworksBuildPhase;
			buildActionMask = 2147483647;
			files = (
			);
			runOnlyForDeploymentPostprocessing = 0;
		};
		6B227B29210AA61400A1A8CC /* Frameworks */ = {
			isa = PBXFrameworksBuildPhase;
			buildActionMask = 2147483647;
			files = (
			);
			runOnlyForDeploymentPostprocessing = 0;
		};
		6B227B34210AA61400A1A8CC /* Frameworks */ = {
			isa = PBXFrameworksBuildPhase;
			buildActionMask = 2147483647;
			files = (
			);
			runOnlyForDeploymentPostprocessing = 0;
		};
/* End PBXFrameworksBuildPhase section */

/* Begin PBXGroup section */
		6B0EDF15210B0BDA00B71F83 /* Dispatch_Queues */ = {
			isa = PBXGroup;
			children = (
				6B0EDF12210B0BCE00B71F83 /* VC2ViewController.h */,
				6B0EDF13210B0BCE00B71F83 /* VC2ViewController.m */,
			);
			path = Dispatch_Queues;
			sourceTree = "<group>";
		};
		6B227B0B210AA61200A1A8CC = {
			isa = PBXGroup;
			children = (
				6B227B16210AA61200A1A8CC /* MultiThread */,
				6B227B2F210AA61400A1A8CC /* MultiThreadTests */,
				6B227B3A210AA61400A1A8CC /* MultiThreadUITests */,
				6B227B15210AA61200A1A8CC /* Products */,
			);
			sourceTree = "<group>";
		};
		6B227B15210AA61200A1A8CC /* Products */ = {
			isa = PBXGroup;
			children = (
				6B227B14210AA61200A1A8CC /* MultiThread.app */,
				6B227B2C210AA61400A1A8CC /* MultiThreadTests.xctest */,
				6B227B37210AA61400A1A8CC /* MultiThreadUITests.xctest */,
			);
			name = Products;
			sourceTree = "<group>";
		};
		6B227B16210AA61200A1A8CC /* MultiThread */ = {
			isa = PBXGroup;
			children = (
				6B0EDF15210B0BDA00B71F83 /* Dispatch_Queues */,
				6B227B17210AA61200A1A8CC /* AppDelegate.h */,
				6B227B18210AA61200A1A8CC /* AppDelegate.m */,
				6B227B1A210AA61200A1A8CC /* ViewController.h */,
				6B227B1B210AA61300A1A8CC /* ViewController.m */,
				6B227B1D210AA61300A1A8CC /* Main.storyboard */,
				6B227B20210AA61400A1A8CC /* Assets.xcassets */,
				6B227B22210AA61400A1A8CC /* LaunchScreen.storyboard */,
				6B227B25210AA61400A1A8CC /* Info.plist */,
				6B227B26210AA61400A1A8CC /* main.m */,
				6B227B49210AED5F00A1A8CC /* CustomNSOperation.h */,
				6B227B4A210AED5F00A1A8CC /* CustomNSOperation.m */,
				6B0EDF0F210AFB6F00B71F83 /* BingFaNSOperation.h */,
				6B0EDF10210AFB6F00B71F83 /* BingFaNSOperation.m */,
			);
			path = MultiThread;
			sourceTree = "<group>";
		};
		6B227B2F210AA61400A1A8CC /* MultiThreadTests */ = {
			isa = PBXGroup;
			children = (
				6B227B30210AA61400A1A8CC /* MultiThreadTests.m */,
				6B227B32210AA61400A1A8CC /* Info.plist */,
			);
			path = MultiThreadTests;
			sourceTree = "<group>";
		};
		6B227B3A210AA61400A1A8CC /* MultiThreadUITests */ = {
			isa = PBXGroup;
			children = (
				6B227B3B210AA61400A1A8CC /* MultiThreadUITests.m */,
				6B227B3D210AA61400A1A8CC /* Info.plist */,
			);
			path = MultiThreadUITests;
			sourceTree = "<group>";
		};
/* End PBXGroup section */

/* Begin PBXNativeTarget section */
		6B227B13210AA61200A1A8CC /* MultiThread */ = {
			isa = PBXNativeTarget;
			buildConfigurationList = 6B227B40210AA61400A1A8CC /* Build configuration list for PBXNativeTarget "MultiThread" */;
			buildPhases = (
				6B227B10210AA61200A1A8CC /* Sources */,
				6B227B11210AA61200A1A8CC /* Frameworks */,
				6B227B12210AA61200A1A8CC /* Resources */,
			);
			buildRules = (
			);
			dependencies = (
			);
			name = MultiThread;
			productName = MultiThread;
			productReference = 6B227B14210AA61200A1A8CC /* MultiThread.app */;
			productType = "com.apple.product-type.application";
		};
		6B227B2B210AA61400A1A8CC /* MultiThreadTests */ = {
			isa = PBXNativeTarget;
			buildConfigurationList = 6B227B43210AA61400A1A8CC /* Build configuration list for PBXNativeTarget "MultiThreadTests" */;
			buildPhases = (
				6B227B28210AA61400A1A8CC /* Sources */,
				6B227B29210AA61400A1A8CC /* Frameworks */,
				6B227B2A210AA61400A1A8CC /* Resources */,
			);
			buildRules = (
			);
			dependencies = (
				6B227B2E210AA61400A1A8CC /* PBXTargetDependency */,
			);
			name = MultiThreadTests;
			productName = MultiThreadTests;
			productReference = 6B227B2C210AA61400A1A8CC /* MultiThreadTests.xctest */;
			productType = "com.apple.product-type.bundle.unit-test";
		};
		6B227B36210AA61400A1A8CC /* MultiThreadUITests */ = {
			isa = PBXNativeTarget;
			buildConfigurationList = 6B227B46210AA61400A1A8CC /* Build configuration list for PBXNativeTarget "MultiThreadUITests" */;
			buildPhases = (
				6B227B33210AA61400A1A8CC /* Sources */,
				6B227B34210AA61400A1A8CC /* Frameworks */,
				6B227B35210AA61400A1A8CC /* Resources */,
			);
			buildRules = (
			);
			dependencies = (
				6B227B39210AA61400A1A8CC /* PBXTargetDependency */,
			);
			name = MultiThreadUITests;
			productName = MultiThreadUITests;
			productReference = 6B227B37210AA61400A1A8CC /* MultiThreadUITests.xctest */;
			productType = "com.apple.product-type.bundle.ui-testing";
		};
/* End PBXNativeTarget section */

/* Begin PBXProject section */
		6B227B0C210AA61200A1A8CC /* Project object */ = {
			isa = PBXProject;
			attributes = {
				LastUpgradeCheck = 0940;
				ORGANIZATIONNAME = liuxiaobing;
				TargetAttributes = {
					6B227B13210AA61200A1A8CC = {
						CreatedOnToolsVersion = 9.4.1;
					};
					6B227B2B210AA61400A1A8CC = {
						CreatedOnToolsVersion = 9.4.1;
						TestTargetID = 6B227B13210AA61200A1A8CC;
					};
					6B227B36210AA61400A1A8CC = {
						CreatedOnToolsVersion = 9.4.1;
						TestTargetID = 6B227B13210AA61200A1A8CC;
					};
				};
			};
			buildConfigurationList = 6B227B0F210AA61200A1A8CC /* Build configuration list for PBXProject "MultiThread" */;
			compatibilityVersion = "Xcode 9.3";
			developmentRegion = en;
			hasScannedForEncodings = 0;
			knownRegions = (
				en,
				Base,
			);
			mainGroup = 6B227B0B210AA61200A1A8CC;
			productRefGroup = 6B227B15210AA61200A1A8CC /* Products */;
			projectDirPath = "";
			projectRoot = "";
			targets = (
				6B227B13210AA61200A1A8CC /* MultiThread */,
				6B227B2B210AA61400A1A8CC /* MultiThreadTests */,
				6B227B36210AA61400A1A8CC /* MultiThreadUITests */,
			);
		};
/* End PBXProject section */

/* Begin PBXResourcesBuildPhase section */
		6B227B12210AA61200A1A8CC /* Resources */ = {
			isa = PBXResourcesBuildPhase;
			buildActionMask = 2147483647;
			files = (
				6B227B24210AA61400A1A8CC /* LaunchScreen.storyboard in Resources */,
				6B227B21210AA61400A1A8CC /* Assets.xcassets in Resources */,
				6B227B1F210AA61300A1A8CC /* Main.storyboard in Resources */,
			);
			runOnlyForDeploymentPostprocessing = 0;
		};
		6B227B2A210AA61400A1A8CC /* Resources */ = {
			isa = PBXResourcesBuildPhase;
			buildActionMask = 2147483647;
			files = (
			);
			runOnlyForDeploymentPostprocessing = 0;
		};
		6B227B35210AA61400A1A8CC /* Resources */ = {
			isa = PBXResourcesBuildPhase;
			buildActionMask = 2147483647;
			files = (
			);
			runOnlyForDeploymentPostprocessing = 0;
		};
/* End PBXResourcesBuildPhase section */

/* Begin PBXSourcesBuildPhase section */
		6B227B10210AA61200A1A8CC /* Sources */ = {
			isa = PBXSourcesBuildPhase;
			buildActionMask = 2147483647;
			files = (
				6B0EDF11210AFB6F00B71F83 /* BingFaNSOperation.m in Sources */,
				6B227B1C210AA61300A1A8CC /* ViewController.m in Sources */,
				6B0EDF14210B0BCE00B71F83 /* VC2ViewController.m in Sources */,
				6B227B27210AA61400A1A8CC /* main.m in Sources */,
				6B227B19210AA61200A1A8CC /* AppDelegate.m in Sources */,
				6B227B4B210AED5F00A1A8CC /* CustomNSOperation.m in Sources */,
			);
			runOnlyForDeploymentPostprocessing = 0;
		};
		6B227B28210AA61400A1A8CC /* Sources */ = {
			isa = PBXSourcesBuildPhase;
			buildActionMask = 2147483647;
			files = (
				6B227B31210AA61400A1A8CC /* MultiThreadTests.m in Sources */,
			);
			runOnlyForDeploymentPostprocessing = 0;
		};
		6B227B33210AA61400A1A8CC /* Sources */ = {
			isa = PBXSourcesBuildPhase;
			buildActionMask = 2147483647;
			files = (
				6B227B3C210AA61400A1A8CC /* MultiThreadUITests.m in Sources */,
			);
			runOnlyForDeploymentPostprocessing = 0;
		};
/* End PBXSourcesBuildPhase section */

/* Begin PBXTargetDependency section */
		6B227B2E210AA61400A1A8CC /* PBXTargetDependency */ = {
			isa = PBXTargetDependency;
			target = 6B227B13210AA61200A1A8CC /* MultiThread */;
			targetProxy = 6B227B2D210AA61400A1A8CC /* PBXContainerItemProxy */;
		};
		6B227B39210AA61400A1A8CC /* PBXTargetDependency */ = {
			isa = PBXTargetDependency;
			target = 6B227B13210AA61200A1A8CC /* MultiThread */;
			targetProxy = 6B227B38210AA61400A1A8CC /* PBXContainerItemProxy */;
		};
/* End PBXTargetDependency section */

/* Begin PBXVariantGroup section */
		6B227B1D210AA61300A1A8CC /* Main.storyboard */ = {
			isa = PBXVariantGroup;
			children = (
				6B227B1E210AA61300A1A8CC /* Base */,
			);
			name = Main.storyboard;
			sourceTree = "<group>";
		};
		6B227B22210AA61400A1A8CC /* LaunchScreen.storyboard */ = {
			isa = PBXVariantGroup;
			children = (
				6B227B23210AA61400A1A8CC /* Base */,
			);
			name = LaunchScreen.storyboard;
			sourceTree = "<group>";
		};
/* End PBXVariantGroup section */

/* Begin XCBuildConfiguration section */
		6B227B3E210AA61400A1A8CC /* Debug */ = {
			isa = XCBuildConfiguration;
			buildSettings = {
				ALWAYS_SEARCH_USER_PATHS = NO;
				CLANG_ANALYZER_NONNULL = YES;
				CLANG_ANALYZER_NUMBER_OBJECT_CONVERSION = YES_AGGRESSIVE;
				CLANG_CXX_LANGUAGE_STANDARD = "gnu++14";
				CLANG_CXX_LIBRARY = "libc++";
				CLANG_ENABLE_MODULES = YES;
				CLANG_ENABLE_OBJC_ARC = YES;
				CLANG_ENABLE_OBJC_WEAK = YES;
				CLANG_WARN_BLOCK_CAPTURE_AUTORELEASING = YES;
				CLANG_WARN_BOOL_CONVERSION = YES;
				CLANG_WARN_COMMA = YES;
				CLANG_WARN_CONSTANT_CONVERSION = YES;
				CLANG_WARN_DEPRECATED_OBJC_IMPLEMENTATIONS = YES;
				CLANG_WARN_DIRECT_OBJC_ISA_USAGE = YES_ERROR;
				CLANG_WARN_DOCUMENTATION_COMMENTS = YES;
				CLANG_WARN_EMPTY_BODY = YES;
				CLANG_WARN_ENUM_CONVERSION = YES;
				CLANG_WARN_INFINITE_RECURSION = YES;
				CLANG_WARN_INT_CONVERSION = YES;
				CLANG_WARN_NON_LITERAL_NULL_CONVERSION = YES;
				CLANG_WARN_OBJC_IMPLICIT_RETAIN_SELF = YES;
				CLANG_WARN_OBJC_LITERAL_CONVERSION = YES;
				CLANG_WARN_OBJC_ROOT_CLASS = YES_ERROR;
				CLANG_WARN_RANGE_LOOP_ANALYSIS = YES;
				CLANG_WARN_STRICT_PROTOTYPES = YES;
				CLANG_WARN_SUSPICIOUS_MOVE = YES;
				CLANG_WARN_UNGUARDED_AVAILABILITY = YES_AGGRESSIVE;
				CLANG_WARN_UNREACHABLE_CODE = YES;
				CLANG_WARN__DUPLICATE_METHOD_MATCH = YES;
				CODE_SIGN_IDENTITY = "iPhone Developer";
				COPY_PHASE_STRIP = NO;
				DEBUG_INFORMATION_FORMAT = dwarf;
				ENABLE_STRICT_OBJC_MSGSEND = YES;
				ENABLE_TESTABILITY = YES;
				GCC_C_LANGUAGE_STANDARD = gnu11;
				GCC_DYNAMIC_NO_PIC = NO;
				GCC_NO_COMMON_BLOCKS = YES;
				GCC_OPTIMIZATION_LEVEL = 0;
				GCC_PREPROCESSOR_DEFINITIONS = (
					"DEBUG=1",
					"$(inherited)",
				);
				GCC_WARN_64_TO_32_BIT_CONVERSION = YES;
				GCC_WARN_ABOUT_RETURN_TYPE = YES_ERROR;
				GCC_WARN_UNDECLARED_SELECTOR = YES;
				GCC_WARN_UNINITIALIZED_AUTOS = YES_AGGRESSIVE;
				GCC_WARN_UNUSED_FUNCTION = YES;
				GCC_WARN_UNUSED_VARIABLE = YES;
				IPHONEOS_DEPLOYMENT_TARGET = 11.4;
				MTL_ENABLE_DEBUG_INFO = YES;
				ONLY_ACTIVE_ARCH = YES;
				SDKROOT = iphoneos;
			};
			name = Debug;
		};
		6B227B3F210AA61400A1A8CC /* Release */ = {
			isa = XCBuildConfiguration;
			buildSettings = {
				ALWAYS_SEARCH_USER_PATHS = NO;
				CLANG_ANALYZER_NONNULL = YES;
				CLANG_ANALYZER_NUMBER_OBJECT_CONVERSION = YES_AGGRESSIVE;
				CLANG_CXX_LANGUAGE_STANDARD = "gnu++14";
				CLANG_CXX_LIBRARY = "libc++";
				CLANG_ENABLE_MODULES = YES;
				CLANG_ENABLE_OBJC_ARC = YES;
				CLANG_ENABLE_OBJC_WEAK = YES;
				CLANG_WARN_BLOCK_CAPTURE_AUTORELEASING = YES;
				CLANG_WARN_BOOL_CONVERSION = YES;
				CLANG_WARN_COMMA = YES;
				CLANG_WARN_CONSTANT_CONVERSION = YES;
				CLANG_WARN_DEPRECATED_OBJC_IMPLEMENTATIONS = YES;
				CLANG_WARN_DIRECT_OBJC_ISA_USAGE = YES_ERROR;
				CLANG_WARN_DOCUMENTATION_COMMENTS = YES;
				CLANG_WARN_EMPTY_BODY = YES;
				CLANG_WARN_ENUM_CONVERSION = YES;
				CLANG_WARN_INFINITE_RECURSION = YES;
				CLANG_WARN_INT_CONVERSION = YES;
				CLANG_WARN_NON_LITERAL_NULL_CONVERSION = YES;
				CLANG_WARN_OBJC_IMPLICIT_RETAIN_SELF = YES;
				CLANG_WARN_OBJC_LITERAL_CONVERSION = YES;
				CLANG_WARN_OBJC_ROOT_CLASS = YES_ERROR;
				CLANG_WARN_RANGE_LOOP_ANALYSIS = YES;
				CLANG_WARN_STRICT_PROTOTYPES = YES;
				CLANG_WARN_SUSPICIOUS_MOVE = YES;
				CLANG_WARN_UNGUARDED_AVAILABILITY = YES_AGGRESSIVE;
				CLANG_WARN_UNREACHABLE_CODE = YES;
				CLANG_WARN__DUPLICATE_METHOD_MATCH = YES;
				CODE_SIGN_IDENTITY = "iPhone Developer";
				COPY_PHASE_STRIP = NO;
				DEBUG_INFORMATION_FORMAT = "dwarf-with-dsym";
				ENABLE_NS_ASSERTIONS = NO;
				ENABLE_STRICT_OBJC_MSGSEND = YES;
				GCC_C_LANGUAGE_STANDARD = gnu11;
				GCC_NO_COMMON_BLOCKS = YES;
				GCC_WARN_64_TO_32_BIT_CONVERSION = YES;
				GCC_WARN_ABOUT_RETURN_TYPE = YES_ERROR;
				GCC_WARN_UNDECLARED_SELECTOR = YES;
				GCC_WARN_UNINITIALIZED_AUTOS = YES_AGGRESSIVE;
				GCC_WARN_UNUSED_FUNCTION = YES;
				GCC_WARN_UNUSED_VARIABLE = YES;
				IPHONEOS_DEPLOYMENT_TARGET = 11.4;
				MTL_ENABLE_DEBUG_INFO = NO;
				SDKROOT = iphoneos;
				VALIDATE_PRODUCT = YES;
			};
			name = Release;
		};
		6B227B41210AA61400A1A8CC /* Debug */ = {
			isa = XCBuildConfiguration;
			buildSettings = {
				ASSETCATALOG_COMPILER_APPICON_NAME = AppIcon;
				CODE_SIGN_STYLE = Automatic;
				DEVELOPMENT_TEAM = 39ZDP7H4DZ;
				INFOPLIST_FILE = MultiThread/Info.plist;
				IPHONEOS_DEPLOYMENT_TARGET = 8.0;
				LD_RUNPATH_SEARCH_PATHS = (
					"$(inherited)",
					"@executable_path/Frameworks",
				);
				PRODUCT_BUNDLE_IDENTIFIER = d.MultiThread;
				PRODUCT_NAME = "$(TARGET_NAME)";
				TARGETED_DEVICE_FAMILY = "1,2";
			};
			name = Debug;
		};
		6B227B42210AA61400A1A8CC /* Release */ = {
			isa = XCBuildConfiguration;
			buildSettings = {
				ASSETCATALOG_COMPILER_APPICON_NAME = AppIcon;
				CODE_SIGN_STYLE = Automatic;
				DEVELOPMENT_TEAM = 39ZDP7H4DZ;
				INFOPLIST_FILE = MultiThread/Info.plist;
				IPHONEOS_DEPLOYMENT_TARGET = 8.0;
				LD_RUNPATH_SEARCH_PATHS = (
					"$(inherited)",
					"@executable_path/Frameworks",
				);
				PRODUCT_BUNDLE_IDENTIFIER = d.MultiThread;
				PRODUCT_NAME = "$(TARGET_NAME)";
				TARGETED_DEVICE_FAMILY = "1,2";
			};
			name = Release;
		};
		6B227B44210AA61400A1A8CC /* Debug */ = {
			isa = XCBuildConfiguration;
			buildSettings = {
				BUNDLE_LOADER = "$(TEST_HOST)";
				CODE_SIGN_STYLE = Automatic;
				INFOPLIST_FILE = MultiThreadTests/Info.plist;
				LD_RUNPATH_SEARCH_PATHS = (
					"$(inherited)",
					"@executable_path/Frameworks",
					"@loader_path/Frameworks",
				);
				PRODUCT_BUNDLE_IDENTIFIER = d.MultiThreadTests;
				PRODUCT_NAME = "$(TARGET_NAME)";
				TARGETED_DEVICE_FAMILY = "1,2";
				TEST_HOST = "$(BUILT_PRODUCTS_DIR)/MultiThread.app/MultiThread";
			};
			name = Debug;
		};
		6B227B45210AA61400A1A8CC /* Release */ = {
			isa = XCBuildConfiguration;
			buildSettings = {
				BUNDLE_LOADER = "$(TEST_HOST)";
				CODE_SIGN_STYLE = Automatic;
				INFOPLIST_FILE = MultiThreadTests/Info.plist;
				LD_RUNPATH_SEARCH_PATHS = (
					"$(inherited)",
					"@executable_path/Frameworks",
					"@loader_path/Frameworks",
				);
				PRODUCT_BUNDLE_IDENTIFIER = d.MultiThreadTests;
				PRODUCT_NAME = "$(TARGET_NAME)";
				TARGETED_DEVICE_FAMILY = "1,2";
				TEST_HOST = "$(BUILT_PRODUCTS_DIR)/MultiThread.app/MultiThread";
			};
			name = Release;
		};
		6B227B47210AA61400A1A8CC /* Debug */ = {
			isa = XCBuildConfiguration;
			buildSettings = {
				CODE_SIGN_STYLE = Automatic;
				INFOPLIST_FILE = MultiThreadUITests/Info.plist;
				LD_RUNPATH_SEARCH_PATHS = (
					"$(inherited)",
					"@executable_path/Frameworks",
					"@loader_path/Frameworks",
				);
				PRODUCT_BUNDLE_IDENTIFIER = d.MultiThreadUITests;
				PRODUCT_NAME = "$(TARGET_NAME)";
				TARGETED_DEVICE_FAMILY = "1,2";
				TEST_TARGET_NAME = MultiThread;
			};
			name = Debug;
		};
		6B227B48210AA61400A1A8CC /* Release */ = {
			isa = XCBuildConfiguration;
			buildSettings = {
				CODE_SIGN_STYLE = Automatic;
				INFOPLIST_FILE = MultiThreadUITests/Info.plist;
				LD_RUNPATH_SEARCH_PATHS = (
					"$(inherited)",
					"@executable_path/Frameworks",
					"@loader_path/Frameworks",
				);
				PRODUCT_BUNDLE_IDENTIFIER = d.MultiThreadUITests;
				PRODUCT_NAME = "$(TARGET_NAME)";
				TARGETED_DEVICE_FAMILY = "1,2";
				TEST_TARGET_NAME = MultiThread;
			};
			name = Release;
		};
/* End XCBuildConfiguration section */

/* Begin XCConfigurationList section */
		6B227B0F210AA61200A1A8CC /* Build configuration list for PBXProject "MultiThread" */ = {
			isa = XCConfigurationList;
			buildConfigurations = (
				6B227B3E210AA61400A1A8CC /* Debug */,
				6B227B3F210AA61400A1A8CC /* Release */,
			);
			defaultConfigurationIsVisible = 0;
			defaultConfigurationName = Release;
		};
		6B227B40210AA61400A1A8CC /* Build configuration list for PBXNativeTarget "MultiThread" */ = {
			isa = XCConfigurationList;
			buildConfigurations = (
				6B227B41210AA61400A1A8CC /* Debug */,
				6B227B42210AA61400A1A8CC /* Release */,
			);
			defaultConfigurationIsVisible = 0;
			defaultConfigurationName = Release;
		};
		6B227B43210AA61400A1A8CC /* Build configuration list for PBXNativeTarget "MultiThreadTests" */ = {
			isa = XCConfigurationList;
			buildConfigurations = (
				6B227B44210AA61400A1A8CC /* Debug */,
				6B227B45210AA61400A1A8CC /* Release */,
			);
			defaultConfigurationIsVisible = 0;
			defaultConfigurationName = Release;
		};
		6B227B46210AA61400A1A8CC /* Build configuration list for PBXNativeTarget "MultiThreadUITests" */ = {
			isa = XCConfigurationList;
			buildConfigurations = (
				6B227B47210AA61400A1A8CC /* Debug */,
				6B227B48210AA61400A1A8CC /* Release */,
			);
			defaultConfigurationIsVisible = 0;
			defaultConfigurationName = Release;
		};
/* End XCConfigurationList section */
	};
	rootObject = 6B227B0C210AA61200A1A8CC /* Project object */;
}
